# Generated by pub
# See https://dart.dev/tools/pub/glossary#lockfile
packages:
  meta:
    dependency: transitive
    description:
      name: meta
      url: "https://pub.dartlang.org"
    source: hosted
    version: "1.2.4"
  pedantic:
    dependency: "direct dev"
    description:
      name: pedantic
      url: "https://pub.dartlang.org"
    source: hosted
    version: "1.9.2"
sdks:
  dart: ">=2.12.0 <3.0.0"
